{
  "version": 4,
  "terraform_version": "1.11.2",
  "serial": 136,
  "lineage": "336622a0-04f0-e373-1d7d-a24c0804c448",
  "outputs": {
    "codedeploy_app_name": {
      "value": "istory-app",
      "type": "string"
    },
    "codedeploy_deployment_group_name": {
      "value": "istory-deploy-group",
      "type": "string"
    },
    "dev_istory_nginx_instance_public_ip": {
      "value": "13.124.144.147",
      "type": "string"
    },
    "istory-deploy-bucket_name": {
      "value": "istory-deploy-bucket-970547359750",
      "type": "string"
    },
    "rds_database_name": {
      "value": "istory",
      "type": "string"
    },
    "rds_endpoint": {
      "value": "istory-db.c1u4cew42wlb.ap-northeast-2.rds.amazonaws.com:3306",
      "type": "string"
    },
    "rds_username": {
      "value": "user",
      "type": "string"
    },
    "ssh_private_key_pem": {
      "value": "-----BEGIN RSA PRIVATE KEY-----\nMIIEpQIBAAKCAQEA1ZX5tbe2wHThlYG0Qo+UzSbA/+Wx1E5gQMoNLMUybv9AoF0D\nm2z3C/Gxaf5NdM1N7Jk+RPp5+OHCArw8P1HCb58FQ46ahIinTDxwFP1/KG4HmunX\nImd+nuV2miDWNDKM1Gnvyv+5L/Osui4U2tzMsSEMGCPwhbuUQXnixxG3ENnbE2zB\nC3PowKe3j5xkO6r+vSSDzBPEJknjDsybofn4zdBES6jHciu1dgTAIg2LWgrh8uc2\n+ONVLrsqn8mqEPcN8nkNkkRsIdXztVaP61pvLJMkQOBzTefiWs4/nIzqwI0x0Fzp\nDf2l89Gla6Y4x1qz7x0QaCvhZ0LwFED2Z8GhhwIDAQABAoIBAQC+XYnPOQsdxg85\n3fz4Rljt8NicO/GftKt9k5jiinBFFiRXyg9o/FnEv4rNWedXb5VAh+VEPatw9Gaj\nYXqhRRHzwtxCNlvqPJJAFK4hRz+KnWcR39HrzCrDHOn0vcethlCXEkSzvfEkmB8f\nYesclyepyDarXX0G9QVSxnwlydhMnv5rxCBy+pHgEV863zFrVocg10RYQ4yVq/q4\nul/osWVM1Iwg3YOz7FPfgPV4Lv5oMofz8dv/z8yY4s+WRh6dFOYbpFmxUdok8An1\n+9P8iaNQuv53QxXCuOtv/N1nhcwI6OnhTxVAVixErYTPsXIMIbHMLX50QfsPJBas\nRmN5zP2BAoGBANzJxH0W6SFvex7sX1J/sMlVGPURYdnCLokUVAM8jwxt4YehF+aq\n8IDSPC1xQVGrjx/P1BDamsfX4ZjtUfksXRzLYR720HVeAwZaxqoUsBmzkWMMFjIB\n/b0q15pVIYPx63kXQgrG5h8OJZGOeBFj+IkqRJ2HX1WINq3YJqwBogc3AoGBAPem\nJ8PPZiLDTU++gXAAxJJSVOsHuaAXQAGe8FOpn6oQZ8yl5USgYhtledav3dmMDJQO\nPY5HLuumr+ESNmKsu7ojoRGFXco+Djh7MkIMUc4FQmlHt2M6Ws4ky4yYGVwwctUY\nbrBHo0vOb62RPsPplOjqZjUgpMo0kOw11vBg08AxAoGBAJqu9W1aDs0xCIZavlHT\nSi1T5F9V5UMl62p4hn+Z/vKLTTWzpEYkPslSAX0o2sV4N5bnCUEhls0qL1Dv+71h\n2n5g8tM5wkRoMCBUmtjwE4x+JP7KqgYxJO9SQ6lJuWhypjG5HLjmLrVVOPboZLBy\nZN7ccSQYgq8u9ngHdtiNcFIzAoGAW0LQzpjkY5UjLWrf2j1+MwnCH2aWYkePH8nJ\neJs+qnYnOkQ8S+DqpnvrvVDL6XpxvDHPP1o+ETs4/zEt94j+GSc+GO3T1U6vAONt\nbueJUemgQpnaG+gKRINMu3/lgJKeDqdVSwLrS2lEwGqQ/bNbW8XdamCgOZ/LdDCX\nB7g28FECgYEAinF44qNi/P501xj8UUxAHaATcvbtsOJ3Ht1dLaVfSUKpr2VJxytc\nmtripB+R3nN2ORuysLNyBJtZuoiTy621PZ0XhIEdsBKtsrIZk3fV/tptij29xqhZ\nPgt2n/Lhzqew2u3+WshOf9pJ8a/HyA237o6YLpNo2RluYyUAEjpN080=\n-----END RSA PRIVATE KEY-----\n",
      "type": "string",
      "sensitive": true
    }
  },
  "resources": [
    {
      "mode": "data",
      "type": "aws_caller_identity",
      "name": "current",
      "provider": "provider[\"registry.terraform.io/hashicorp/aws\"]",
      "instances": [
        {
          "schema_version": 0,
          "attributes": {
            "account_id": "970547359750",
            "arn": "arn:aws:iam::970547359750:user/cicd",
            "id": "970547359750",
            "user_id": "AIDA6D6JBOADJAHD4UANX"
          },
          "sensitive_attributes": []
        }
      ]
    },
    {
      "mode": "managed",
      "type": "aws_codedeploy_app",
      "name": "istory-app",
      "provider": "provider[\"registry.terraform.io/hashicorp/aws\"]",
      "instances": [
        {
          "schema_version": 0,
          "attributes": {
            "application_id": "17412506-b145-4937-80d3-a17ef3130ca2",
            "arn": "arn:aws:codedeploy:ap-northeast-2:970547359750:application:istory-app",
            "compute_platform": "Server",
            "github_account_name": "",
            "id": "17412506-b145-4937-80d3-a17ef3130ca2:istory-app",
            "linked_to_github": false,
            "name": "istory-app",
            "tags": {},
            "tags_all": {}
          },
          "sensitive_attributes": [],
          "private": "bnVsbA=="
        }
      ]
    },
    {
      "mode": "managed",
      "type": "aws_codedeploy_deployment_group",
      "name": "istory-deploy_group",
      "provider": "provider[\"registry.terraform.io/hashicorp/aws\"]",
      "instances": [
        {
          "schema_version": 0,
          "attributes": {
            "alarm_configuration": [],
            "app_name": "istory-app",
            "arn": "arn:aws:codedeploy:ap-northeast-2:970547359750:deploymentgroup:istory-app/istory-deploy-group",
            "auto_rollback_configuration": [
              {
                "enabled": true,
                "events": [
                  "DEPLOYMENT_FAILURE"
                ]
              }
            ],
            "autoscaling_groups": [],
            "blue_green_deployment_config": [],
            "compute_platform": "Server",
            "deployment_config_name": "CodeDeployDefault.OneAtATime",
            "deployment_group_id": "f6e9add2-173e-4fb3-b07d-0e6d738d4564",
            "deployment_group_name": "istory-deploy-group",
            "deployment_style": [
              {
                "deployment_option": "WITHOUT_TRAFFIC_CONTROL",
                "deployment_type": "IN_PLACE"
              }
            ],
            "ec2_tag_filter": [],
            "ec2_tag_set": [
              {
                "ec2_tag_filter": [
                  {
                    "key": "Environment",
                    "type": "KEY_AND_VALUE",
                    "value": "Development"
                  }
                ]
              }
            ],
            "ecs_service": [],
            "id": "f6e9add2-173e-4fb3-b07d-0e6d738d4564",
            "load_balancer_info": [],
            "on_premises_instance_tag_filter": [],
            "outdated_instances_strategy": "UPDATE",
            "service_role_arn": "arn:aws:iam::970547359750:role/CodeDeployServiceRole",
            "tags": {},
            "tags_all": {},
            "termination_hook_enabled": false,
            "trigger_configuration": []
          },
          "sensitive_attributes": [],
          "private": "bnVsbA==",
          "dependencies": [
            "aws_codedeploy_app.istory-app",
            "aws_iam_role.codedeploy_service_role"
          ]
        }
      ]
    },
    {
      "mode": "managed",
      "type": "aws_db_instance",
      "name": "istory_db",
      "provider": "provider[\"registry.terraform.io/hashicorp/aws\"]",
      "instances": [
        {
          "schema_version": 2,
          "attributes": {
            "address": "istory-db.c1u4cew42wlb.ap-northeast-2.rds.amazonaws.com",
            "allocated_storage": 20,
            "allow_major_version_upgrade": null,
            "apply_immediately": false,
            "arn": "arn:aws:rds:ap-northeast-2:970547359750:db:istory-db",
            "auto_minor_version_upgrade": true,
            "availability_zone": "ap-northeast-2d",
            "backup_retention_period": 7,
            "backup_target": "region",
            "backup_window": "03:00-04:00",
            "blue_green_update": [],
            "ca_cert_identifier": "rds-ca-rsa2048-g1",
            "character_set_name": "",
            "copy_tags_to_snapshot": false,
            "custom_iam_instance_profile": "",
            "customer_owned_ip_enabled": false,
            "database_insights_mode": "standard",
            "db_name": "istory",
            "db_subnet_group_name": "istory-db-subnet-group",
            "dedicated_log_volume": false,
            "delete_automated_backups": true,
            "deletion_protection": false,
            "domain": "",
            "domain_auth_secret_arn": "",
            "domain_dns_ips": [],
            "domain_fqdn": "",
            "domain_iam_role_name": "",
            "domain_ou": "",
            "enabled_cloudwatch_logs_exports": [],
            "endpoint": "istory-db.c1u4cew42wlb.ap-northeast-2.rds.amazonaws.com:3306",
            "engine": "mysql",
            "engine_lifecycle_support": "open-source-rds-extended-support",
            "engine_version": "8.0",
            "engine_version_actual": "8.0.40",
            "final_snapshot_identifier": null,
            "hosted_zone_id": "ZLA2NUCOLGUUR",
            "iam_database_authentication_enabled": false,
            "id": "db-VNXWW2BXT56GOHZR24YKAI4XW4",
            "identifier": "istory-db",
            "identifier_prefix": "",
            "instance_class": "db.t3.micro",
            "iops": 0,
            "kms_key_id": "",
            "latest_restorable_time": "2025-03-22T07:20:00Z",
            "license_model": "general-public-license",
            "listener_endpoint": [],
            "maintenance_window": "mon:04:00-mon:05:00",
            "manage_master_user_password": null,
            "master_user_secret": [],
            "master_user_secret_kms_key_id": null,
            "max_allocated_storage": 0,
            "monitoring_interval": 0,
            "monitoring_role_arn": "",
            "multi_az": false,
            "nchar_character_set_name": "",
            "network_type": "IPV4",
            "option_group_name": "default:mysql-8-0",
            "parameter_group_name": "istory-db-parameter-group",
            "password": "user12345",
            "password_wo": null,
            "password_wo_version": null,
            "performance_insights_enabled": false,
            "performance_insights_kms_key_id": "",
            "performance_insights_retention_period": 0,
            "port": 3306,
            "publicly_accessible": false,
            "replica_mode": "",
            "replicas": [],
            "replicate_source_db": "",
            "resource_id": "db-VNXWW2BXT56GOHZR24YKAI4XW4",
            "restore_to_point_in_time": [],
            "s3_import": [],
            "skip_final_snapshot": true,
            "snapshot_identifier": null,
            "status": "available",
            "storage_encrypted": false,
            "storage_throughput": 0,
            "storage_type": "gp2",
            "tags": {
              "Environment": "Development",
              "Name": "istory"
            },
            "tags_all": {
              "Environment": "Development",
              "Name": "istory"
            },
            "timeouts": null,
            "timezone": "",
            "upgrade_storage_config": null,
            "username": "user",
            "vpc_security_group_ids": [
              "sg-01dd9a710469b6032"
            ]
          },
          "sensitive_attributes": [
            [
              {
                "type": "get_attr",
                "value": "password"
              }
            ],
            [
              {
                "type": "get_attr",
                "value": "password_wo"
              }
            ]
          ],
          "private": "eyJlMmJmYjczMC1lY2FhLTExZTYtOGY4OC0zNDM2M2JjN2M0YzAiOnsiY3JlYXRlIjozMDAwMDAwMDAwMDAwLCJkZWxldGUiOjM2MDAwMDAwMDAwMDAsInVwZGF0ZSI6NDgwMDAwMDAwMDAwMH0sInNjaGVtYV92ZXJzaW9uIjoiMiJ9",
          "dependencies": [
            "aws_db_parameter_group.istory_db_parameter_group",
            "aws_db_subnet_group.istory_db_subnet_group",
            "aws_security_group.istory_nginx_sg",
            "aws_security_group.istory_rds_sg",
            "aws_subnet.dangtong-vpc-public-subnet",
            "aws_vpc.dangtong-vpc"
          ]
        }
      ]
    },
    {
      "mode": "managed",
      "type": "aws_db_parameter_group",
      "name": "istory_db_parameter_group",
      "provider": "provider[\"registry.terraform.io/hashicorp/aws\"]",
      "instances": [
        {
          "schema_version": 0,
          "attributes": {
            "arn": "arn:aws:rds:ap-northeast-2:970547359750:pg:istory-db-parameter-group",
            "description": "Managed by Terraform",
            "family": "mysql8.0",
            "id": "istory-db-parameter-group",
            "name": "istory-db-parameter-group",
            "name_prefix": "",
            "parameter": [
              {
                "apply_method": "immediate",
                "name": "character_set_client",
                "value": "utf8mb4"
              },
              {
                "apply_method": "immediate",
                "name": "character_set_server",
                "value": "utf8mb4"
              }
            ],
            "skip_destroy": false,
            "tags": {},
            "tags_all": {}
          },
          "sensitive_attributes": [],
          "private": "bnVsbA=="
        }
      ]
    },
    {
      "mode": "managed",
      "type": "aws_db_subnet_group",
      "name": "istory_db_subnet_group",
      "provider": "provider[\"registry.terraform.io/hashicorp/aws\"]",
      "instances": [
        {
          "schema_version": 0,
          "attributes": {
            "arn": "arn:aws:rds:ap-northeast-2:970547359750:subgrp:istory-db-subnet-group",
            "description": "Managed by Terraform",
            "id": "istory-db-subnet-group",
            "name": "istory-db-subnet-group",
            "name_prefix": "",
            "subnet_ids": [
              "subnet-040f7800c94178c5c",
              "subnet-04d86695f0a3507ac",
              "subnet-0571f67501661c9d2",
              "subnet-0db0a94f198e5a004"
            ],
            "supported_network_types": [
              "IPV4"
            ],
            "tags": {
              "Name": "istory DB subnet group"
            },
            "tags_all": {
              "Name": "istory DB subnet group"
            },
            "vpc_id": "vpc-00fa6b42071f81df6"
          },
          "sensitive_attributes": [],
          "private": "bnVsbA==",
          "dependencies": [
            "aws_subnet.dangtong-vpc-public-subnet",
            "aws_vpc.dangtong-vpc"
          ]
        }
      ]
    },
    {
      "mode": "managed",
      "type": "aws_iam_instance_profile",
      "name": "ec2_profile",
      "provider": "provider[\"registry.terraform.io/hashicorp/aws\"]",
      "instances": [
        {
          "schema_version": 0,
          "attributes": {
            "arn": "arn:aws:iam::970547359750:instance-profile/EC2CodeDeployProfile",
            "create_date": "2025-03-15T05:31:27Z",
            "id": "EC2CodeDeployProfile",
            "name": "EC2CodeDeployProfile",
            "name_prefix": "",
            "path": "/",
            "role": "EC2CodeDeployRole",
            "tags": {},
            "tags_all": {},
            "unique_id": "AIPA6D6JBOADJURZVLJC2"
          },
          "sensitive_attributes": [],
          "private": "eyJzY2hlbWFfdmVyc2lvbiI6IjAifQ==",
          "dependencies": [
            "aws_iam_role.ec2_codedeploy_role"
          ]
        }
      ]
    },
    {
      "mode": "managed",
      "type": "aws_iam_role",
      "name": "codedeploy_service_role",
      "provider": "provider[\"registry.terraform.io/hashicorp/aws\"]",
      "instances": [
        {
          "schema_version": 0,
          "attributes": {
            "arn": "arn:aws:iam::970547359750:role/CodeDeployServiceRole",
            "assume_role_policy": "{\"Statement\":[{\"Action\":\"sts:AssumeRole\",\"Effect\":\"Allow\",\"Principal\":{\"Service\":\"codedeploy.amazonaws.com\"}}],\"Version\":\"2012-10-17\"}",
            "create_date": "2025-03-15T05:31:26Z",
            "description": "",
            "force_detach_policies": false,
            "id": "CodeDeployServiceRole",
            "inline_policy": [],
            "managed_policy_arns": [
              "arn:aws:iam::aws:policy/service-role/AWSCodeDeployRole"
            ],
            "max_session_duration": 3600,
            "name": "CodeDeployServiceRole",
            "name_prefix": "",
            "path": "/",
            "permissions_boundary": "",
            "tags": {
              "Name": "codedeploy-service-role"
            },
            "tags_all": {
              "Name": "codedeploy-service-role"
            },
            "unique_id": "AROA6D6JBOADNWSSAV4OO"
          },
          "sensitive_attributes": [],
          "private": "eyJzY2hlbWFfdmVyc2lvbiI6IjAifQ=="
        }
      ]
    },
    {
      "mode": "managed",
      "type": "aws_iam_role",
      "name": "ec2_codedeploy_role",
      "provider": "provider[\"registry.terraform.io/hashicorp/aws\"]",
      "instances": [
        {
          "schema_version": 0,
          "attributes": {
            "arn": "arn:aws:iam::970547359750:role/EC2CodeDeployRole",
            "assume_role_policy": "{\"Statement\":[{\"Action\":\"sts:AssumeRole\",\"Effect\":\"Allow\",\"Principal\":{\"Service\":\"ec2.amazonaws.com\"}}],\"Version\":\"2012-10-17\"}",
            "create_date": "2025-03-15T05:31:26Z",
            "description": "",
            "force_detach_policies": false,
            "id": "EC2CodeDeployRole",
            "inline_policy": [],
            "managed_policy_arns": [
              "arn:aws:iam::aws:policy/AmazonS3ReadOnlyAccess",
              "arn:aws:iam::aws:policy/service-role/AWSCodeDeployRole"
            ],
            "max_session_duration": 3600,
            "name": "EC2CodeDeployRole",
            "name_prefix": "",
            "path": "/",
            "permissions_boundary": "",
            "tags": {
              "Name": "ec2-codedeploy-role"
            },
            "tags_all": {
              "Name": "ec2-codedeploy-role"
            },
            "unique_id": "AROA6D6JBOADMR5NYELA4"
          },
          "sensitive_attributes": [],
          "private": "eyJzY2hlbWFfdmVyc2lvbiI6IjAifQ=="
        }
      ]
    },
    {
      "mode": "managed",
      "type": "aws_iam_role_policy_attachment",
      "name": "codedeploy_service",
      "provider": "provider[\"registry.terraform.io/hashicorp/aws\"]",
      "instances": [
        {
          "schema_version": 0,
          "attributes": {
            "id": "CodeDeployServiceRole-20250322072015447700000003",
            "policy_arn": "arn:aws:iam::aws:policy/service-role/AWSCodeDeployRole",
            "role": "CodeDeployServiceRole"
          },
          "sensitive_attributes": [],
          "private": "bnVsbA==",
          "dependencies": [
            "aws_iam_role.codedeploy_service_role"
          ]
        }
      ]
    },
    {
      "mode": "managed",
      "type": "aws_iam_role_policy_attachment",
      "name": "ec2_codedeploy",
      "provider": "provider[\"registry.terraform.io/hashicorp/aws\"]",
      "instances": [
        {
          "schema_version": 0,
          "attributes": {
            "id": "EC2CodeDeployRole-20250322072015161900000001",
            "policy_arn": "arn:aws:iam::aws:policy/service-role/AWSCodeDeployRole",
            "role": "EC2CodeDeployRole"
          },
          "sensitive_attributes": [],
          "private": "bnVsbA==",
          "dependencies": [
            "aws_iam_role.ec2_codedeploy_role"
          ]
        }
      ]
    },
    {
      "mode": "managed",
      "type": "aws_iam_role_policy_attachment",
      "name": "ec2_codedeploy_s3",
      "provider": "provider[\"registry.terraform.io/hashicorp/aws\"]",
      "instances": [
        {
          "schema_version": 0,
          "attributes": {
            "id": "EC2CodeDeployRole-20250322072015324000000002",
            "policy_arn": "arn:aws:iam::aws:policy/AmazonS3ReadOnlyAccess",
            "role": "EC2CodeDeployRole"
          },
          "sensitive_attributes": [],
          "private": "bnVsbA==",
          "dependencies": [
            "aws_iam_role.ec2_codedeploy_role"
          ]
        }
      ]
    },
    {
      "mode": "managed",
      "type": "aws_instance",
      "name": "dev_istory_nginx_instance",
      "provider": "provider[\"registry.terraform.io/hashicorp/aws\"]",
      "instances": [
        {
          "schema_version": 1,
          "attributes": {
            "ami": "ami-08b09b6acd8d62254",
            "arn": "arn:aws:ec2:ap-northeast-2:970547359750:instance/i-0998c3e7fcae7f93a",
            "associate_public_ip_address": true,
            "availability_zone": "ap-northeast-2a",
            "capacity_reservation_specification": [
              {
                "capacity_reservation_preference": "open",
                "capacity_reservation_target": []
              }
            ],
            "cpu_core_count": 1,
            "cpu_options": [
              {
                "amd_sev_snp": "",
                "core_count": 1,
                "threads_per_core": 1
              }
            ],
            "cpu_threads_per_core": 1,
            "credit_specification": [
              {
                "cpu_credits": "standard"
              }
            ],
            "disable_api_stop": false,
            "disable_api_termination": false,
            "ebs_block_device": [],
            "ebs_optimized": false,
            "enable_primary_ipv6": null,
            "enclave_options": [
              {
                "enabled": false
              }
            ],
            "ephemeral_block_device": [],
            "get_password_data": false,
            "hibernation": false,
            "host_id": "",
            "host_resource_group_arn": null,
            "iam_instance_profile": "EC2CodeDeployProfile",
            "id": "i-0998c3e7fcae7f93a",
            "instance_initiated_shutdown_behavior": "stop",
            "instance_lifecycle": "",
            "instance_market_options": [],
            "instance_state": "running",
            "instance_type": "t2.micro",
            "ipv6_address_count": 0,
            "ipv6_addresses": [],
            "key_name": "ec2-key_pair",
            "launch_template": [],
            "maintenance_options": [
              {
                "auto_recovery": "default"
              }
            ],
            "metadata_options": [
              {
                "http_endpoint": "enabled",
                "http_protocol_ipv6": "disabled",
                "http_put_response_hop_limit": 1,
                "http_tokens": "optional",
                "instance_metadata_tags": "disabled"
              }
            ],
            "monitoring": false,
            "network_interface": [],
            "outpost_arn": "",
            "password_data": "",
            "placement_group": "",
            "placement_partition_number": 0,
            "primary_network_interface_id": "eni-0d91f00f8aaecc63d",
            "private_dns": "ip-10-0-1-44.ap-northeast-2.compute.internal",
            "private_dns_name_options": [
              {
                "enable_resource_name_dns_a_record": false,
                "enable_resource_name_dns_aaaa_record": false,
                "hostname_type": "ip-name"
              }
            ],
            "private_ip": "10.0.1.44",
            "public_dns": "ec2-13-124-144-147.ap-northeast-2.compute.amazonaws.com",
            "public_ip": "13.124.144.147",
            "root_block_device": [
              {
                "delete_on_termination": true,
                "device_name": "/dev/xvda",
                "encrypted": false,
                "iops": 100,
                "kms_key_id": "",
                "tags": {},
                "tags_all": {},
                "throughput": 0,
                "volume_id": "vol-0dacd0ee9070a3a62",
                "volume_size": 8,
                "volume_type": "gp2"
              }
            ],
            "secondary_private_ips": [],
            "security_groups": [],
            "source_dest_check": true,
            "spot_instance_request_id": "",
            "subnet_id": "subnet-0db0a94f198e5a004",
            "tags": {
              "Environment": "Development",
              "Name": "istory nginx-server"
            },
            "tags_all": {
              "Environment": "Development",
              "Name": "istory nginx-server"
            },
            "tenancy": "default",
            "timeouts": null,
            "user_data": "89573fc17c6928260a1ff3340398cee177fd96f0",
            "user_data_base64": null,
            "user_data_replace_on_change": false,
            "volume_tags": null,
            "vpc_security_group_ids": [
              "sg-0e5cecea89faaf7c7"
            ]
          },
          "sensitive_attributes": [],
          "private": "eyJlMmJmYjczMC1lY2FhLTExZTYtOGY4OC0zNDM2M2JjN2M0YzAiOnsiY3JlYXRlIjo2MDAwMDAwMDAwMDAsImRlbGV0ZSI6MTIwMDAwMDAwMDAwMCwicmVhZCI6OTAwMDAwMDAwMDAwLCJ1cGRhdGUiOjYwMDAwMDAwMDAwMH0sInNjaGVtYV92ZXJzaW9uIjoiMSJ9",
          "dependencies": [
            "aws_iam_instance_profile.ec2_profile",
            "aws_iam_role.ec2_codedeploy_role",
            "aws_key_pair.ec2_key_pair",
            "aws_security_group.istory_nginx_sg",
            "aws_subnet.dangtong-vpc-public-subnet",
            "aws_vpc.dangtong-vpc",
            "tls_private_key.ec2_private_key"
          ]
        }
      ]
    },
    {
      "mode": "managed",
      "type": "aws_internet_gateway",
      "name": "dangtong-igw",
      "provider": "provider[\"registry.terraform.io/hashicorp/aws\"]",
      "instances": [
        {
          "schema_version": 0,
          "attributes": {
            "arn": "arn:aws:ec2:ap-northeast-2:970547359750:internet-gateway/igw-0b4e36878a4ff2df2",
            "id": "igw-0b4e36878a4ff2df2",
            "owner_id": "970547359750",
            "tags": {
              "Name": "dangtong-igw"
            },
            "tags_all": {
              "Name": "dangtong-igw"
            },
            "timeouts": null,
            "vpc_id": "vpc-00fa6b42071f81df6"
          },
          "sensitive_attributes": [],
          "private": "eyJlMmJmYjczMC1lY2FhLTExZTYtOGY4OC0zNDM2M2JjN2M0YzAiOnsiY3JlYXRlIjoxMjAwMDAwMDAwMDAwLCJkZWxldGUiOjEyMDAwMDAwMDAwMDAsInVwZGF0ZSI6MTIwMDAwMDAwMDAwMH19",
          "dependencies": [
            "aws_vpc.dangtong-vpc"
          ]
        }
      ]
    },
    {
      "mode": "managed",
      "type": "aws_key_pair",
      "name": "ec2_key_pair",
      "provider": "provider[\"registry.terraform.io/hashicorp/aws\"]",
      "instances": [
        {
          "schema_version": 1,
          "attributes": {
            "arn": "arn:aws:ec2:ap-northeast-2:970547359750:key-pair/ec2-key_pair",
            "fingerprint": "bb:ca:f3:40:b5:ba:b2:01:98:36:23:8b:d4:e4:5a:a3",
            "id": "ec2-key_pair",
            "key_name": "ec2-key_pair",
            "key_name_prefix": "",
            "key_pair_id": "key-0d92a98ffe3178da9",
            "key_type": "rsa",
            "public_key": "ssh-rsa AAAAB3NzaC1yc2EAAAADAQABAAABAQDVlfm1t7bAdOGVgbRCj5TNJsD/5bHUTmBAyg0sxTJu/0CgXQObbPcL8bFp/k10zU3smT5E+nn44cICvDw/UcJvnwVDjpqEiKdMPHAU/X8obgea6dciZ36e5XaaINY0MozUae/K/7kv86y6LhTa3MyxIQwYI/CFu5RBeeLHEbcQ2dsTbMELc+jAp7ePnGQ7qv69JIPME8QmSeMOzJuh+fjN0ERLqMdyK7V2BMAiDYtaCuHy5zb441UuuyqfyaoQ9w3yeQ2SRGwh1fO1Vo/rWm8skyRA4HNN5+Jazj+cjOrAjTHQXOkN/aXz0aVrpjjHWrPvHRBoK+FnQvAUQPZnwaGH",
            "tags": {},
            "tags_all": {}
          },
          "sensitive_attributes": [],
          "private": "eyJzY2hlbWFfdmVyc2lvbiI6IjEifQ==",
          "dependencies": [
            "tls_private_key.ec2_private_key"
          ]
        }
      ]
    },
    {
      "mode": "managed",
      "type": "aws_route_table",
      "name": "dangtong-vpc-public-rt",
      "provider": "provider[\"registry.terraform.io/hashicorp/aws\"]",
      "instances": [
        {
          "schema_version": 0,
          "attributes": {
            "arn": "arn:aws:ec2:ap-northeast-2:970547359750:route-table/rtb-096bad9b20967ff64",
            "id": "rtb-096bad9b20967ff64",
            "owner_id": "970547359750",
            "propagating_vgws": [],
            "route": [
              {
                "carrier_gateway_id": "",
                "cidr_block": "0.0.0.0/0",
                "core_network_arn": "",
                "destination_prefix_list_id": "",
                "egress_only_gateway_id": "",
                "gateway_id": "igw-0b4e36878a4ff2df2",
                "ipv6_cidr_block": "",
                "local_gateway_id": "",
                "nat_gateway_id": "",
                "network_interface_id": "",
                "transit_gateway_id": "",
                "vpc_endpoint_id": "",
                "vpc_peering_connection_id": ""
              }
            ],
            "tags": {
              "Name": "dangtong-vpc-public-rt"
            },
            "tags_all": {
              "Name": "dangtong-vpc-public-rt"
            },
            "timeouts": null,
            "vpc_id": "vpc-00fa6b42071f81df6"
          },
          "sensitive_attributes": [],
          "private": "eyJlMmJmYjczMC1lY2FhLTExZTYtOGY4OC0zNDM2M2JjN2M0YzAiOnsiY3JlYXRlIjozMDAwMDAwMDAwMDAsImRlbGV0ZSI6MzAwMDAwMDAwMDAwLCJ1cGRhdGUiOjEyMDAwMDAwMDAwMH19",
          "dependencies": [
            "aws_internet_gateway.dangtong-igw",
            "aws_vpc.dangtong-vpc"
          ]
        }
      ]
    },
    {
      "mode": "managed",
      "type": "aws_route_table_association",
      "name": "dangtong-vpc-public-rt",
      "provider": "provider[\"registry.terraform.io/hashicorp/aws\"]",
      "instances": [
        {
          "index_key": "a",
          "schema_version": 0,
          "attributes": {
            "gateway_id": "",
            "id": "rtbassoc-0b1403793b306f69d",
            "route_table_id": "rtb-096bad9b20967ff64",
            "subnet_id": "subnet-0db0a94f198e5a004",
            "timeouts": null
          },
          "sensitive_attributes": [],
          "private": "eyJlMmJmYjczMC1lY2FhLTExZTYtOGY4OC0zNDM2M2JjN2M0YzAiOnsiY3JlYXRlIjozMDAwMDAwMDAwMDAsImRlbGV0ZSI6MzAwMDAwMDAwMDAwLCJ1cGRhdGUiOjEyMDAwMDAwMDAwMH19",
          "dependencies": [
            "aws_internet_gateway.dangtong-igw",
            "aws_route_table.dangtong-vpc-public-rt",
            "aws_subnet.dangtong-vpc-public-subnet",
            "aws_vpc.dangtong-vpc"
          ]
        },
        {
          "index_key": "b",
          "schema_version": 0,
          "attributes": {
            "gateway_id": "",
            "id": "rtbassoc-0ea6e5bec60660bd7",
            "route_table_id": "rtb-096bad9b20967ff64",
            "subnet_id": "subnet-0571f67501661c9d2",
            "timeouts": null
          },
          "sensitive_attributes": [],
          "private": "eyJlMmJmYjczMC1lY2FhLTExZTYtOGY4OC0zNDM2M2JjN2M0YzAiOnsiY3JlYXRlIjozMDAwMDAwMDAwMDAsImRlbGV0ZSI6MzAwMDAwMDAwMDAwLCJ1cGRhdGUiOjEyMDAwMDAwMDAwMH19",
          "dependencies": [
            "aws_internet_gateway.dangtong-igw",
            "aws_route_table.dangtong-vpc-public-rt",
            "aws_subnet.dangtong-vpc-public-subnet",
            "aws_vpc.dangtong-vpc"
          ]
        },
        {
          "index_key": "c",
          "schema_version": 0,
          "attributes": {
            "gateway_id": "",
            "id": "rtbassoc-05f4c43eea3f8e031",
            "route_table_id": "rtb-096bad9b20967ff64",
            "subnet_id": "subnet-04d86695f0a3507ac",
            "timeouts": null
          },
          "sensitive_attributes": [],
          "private": "eyJlMmJmYjczMC1lY2FhLTExZTYtOGY4OC0zNDM2M2JjN2M0YzAiOnsiY3JlYXRlIjozMDAwMDAwMDAwMDAsImRlbGV0ZSI6MzAwMDAwMDAwMDAwLCJ1cGRhdGUiOjEyMDAwMDAwMDAwMH19",
          "dependencies": [
            "aws_internet_gateway.dangtong-igw",
            "aws_route_table.dangtong-vpc-public-rt",
            "aws_subnet.dangtong-vpc-public-subnet",
            "aws_vpc.dangtong-vpc"
          ]
        },
        {
          "index_key": "d",
          "schema_version": 0,
          "attributes": {
            "gateway_id": "",
            "id": "rtbassoc-002f15a094d947e36",
            "route_table_id": "rtb-096bad9b20967ff64",
            "subnet_id": "subnet-040f7800c94178c5c",
            "timeouts": null
          },
          "sensitive_attributes": [],
          "private": "eyJlMmJmYjczMC1lY2FhLTExZTYtOGY4OC0zNDM2M2JjN2M0YzAiOnsiY3JlYXRlIjozMDAwMDAwMDAwMDAsImRlbGV0ZSI6MzAwMDAwMDAwMDAwLCJ1cGRhdGUiOjEyMDAwMDAwMDAwMH19",
          "dependencies": [
            "aws_internet_gateway.dangtong-igw",
            "aws_route_table.dangtong-vpc-public-rt",
            "aws_subnet.dangtong-vpc-public-subnet",
            "aws_vpc.dangtong-vpc"
          ]
        }
      ]
    },
    {
      "mode": "managed",
      "type": "aws_s3_bucket",
      "name": "istory-deploy-bucket",
      "provider": "provider[\"registry.terraform.io/hashicorp/aws\"]",
      "instances": [
        {
          "schema_version": 0,
          "attributes": {
            "acceleration_status": "",
            "acl": null,
            "arn": "arn:aws:s3:::istory-deploy-bucket-970547359750",
            "bucket": "istory-deploy-bucket-970547359750",
            "bucket_domain_name": "istory-deploy-bucket-970547359750.s3.amazonaws.com",
            "bucket_prefix": "",
            "bucket_regional_domain_name": "istory-deploy-bucket-970547359750.s3.ap-northeast-2.amazonaws.com",
            "cors_rule": [],
            "force_destroy": false,
            "grant": [
              {
                "id": "96c54981962c39c2cb347828174700848963186703061fb3ddfd78c24ebdfcdd",
                "permissions": [
                  "FULL_CONTROL"
                ],
                "type": "CanonicalUser",
                "uri": ""
              }
            ],
            "hosted_zone_id": "Z3W03O7B5YMIYP",
            "id": "istory-deploy-bucket-970547359750",
            "lifecycle_rule": [],
            "logging": [],
            "object_lock_configuration": [],
            "object_lock_enabled": false,
            "policy": "",
            "region": "ap-northeast-2",
            "replication_configuration": [],
            "request_payer": "BucketOwner",
            "server_side_encryption_configuration": [
              {
                "rule": [
                  {
                    "apply_server_side_encryption_by_default": [
                      {
                        "kms_master_key_id": "",
                        "sse_algorithm": "AES256"
                      }
                    ],
                    "bucket_key_enabled": false
                  }
                ]
              }
            ],
            "tags": {},
            "tags_all": {},
            "timeouts": null,
            "versioning": [
              {
                "enabled": true,
                "mfa_delete": false
              }
            ],
            "website": [],
            "website_domain": null,
            "website_endpoint": null
          },
          "sensitive_attributes": [],
          "private": "eyJlMmJmYjczMC1lY2FhLTExZTYtOGY4OC0zNDM2M2JjN2M0YzAiOnsiY3JlYXRlIjoxMjAwMDAwMDAwMDAwLCJkZWxldGUiOjM2MDAwMDAwMDAwMDAsInJlYWQiOjEyMDAwMDAwMDAwMDAsInVwZGF0ZSI6MTIwMDAwMDAwMDAwMH19",
          "dependencies": [
            "data.aws_caller_identity.current"
          ]
        }
      ]
    },
    {
      "mode": "managed",
      "type": "aws_s3_bucket_versioning",
      "name": "deploy_bucket_versioning",
      "provider": "provider[\"registry.terraform.io/hashicorp/aws\"]",
      "instances": [
        {
          "schema_version": 0,
          "attributes": {
            "bucket": "istory-deploy-bucket-970547359750",
            "expected_bucket_owner": "",
            "id": "istory-deploy-bucket-970547359750",
            "mfa": null,
            "versioning_configuration": [
              {
                "mfa_delete": "",
                "status": "Enabled"
              }
            ]
          },
          "sensitive_attributes": [],
          "private": "bnVsbA==",
          "dependencies": [
            "aws_s3_bucket.istory-deploy-bucket",
            "data.aws_caller_identity.current"
          ]
        }
      ]
    },
    {
      "mode": "managed",
      "type": "aws_security_group",
      "name": "istory_nginx_sg",
      "provider": "provider[\"registry.terraform.io/hashicorp/aws\"]",
      "instances": [
        {
          "schema_version": 1,
          "attributes": {
            "arn": "arn:aws:ec2:ap-northeast-2:970547359750:security-group/sg-0e5cecea89faaf7c7",
            "description": "Managed by Terraform",
            "egress": [
              {
                "cidr_blocks": [
                  "0.0.0.0/0"
                ],
                "description": "",
                "from_port": 0,
                "ipv6_cidr_blocks": [],
                "prefix_list_ids": [],
                "protocol": "-1",
                "security_groups": [],
                "self": false,
                "to_port": 0
              }
            ],
            "id": "sg-0e5cecea89faaf7c7",
            "ingress": [
              {
                "cidr_blocks": [
                  "0.0.0.0/0"
                ],
                "description": "Allow HTTP",
                "from_port": 8080,
                "ipv6_cidr_blocks": [],
                "prefix_list_ids": [],
                "protocol": "tcp",
                "security_groups": [],
                "self": false,
                "to_port": 8080
              },
              {
                "cidr_blocks": [
                  "0.0.0.0/0"
                ],
                "description": "Allow SSH",
                "from_port": 22,
                "ipv6_cidr_blocks": [],
                "prefix_list_ids": [],
                "protocol": "tcp",
                "security_groups": [],
                "self": false,
                "to_port": 22
              }
            ],
            "name": "istory nginx sg20250322071120415500000001",
            "name_prefix": "istory nginx sg",
            "owner_id": "970547359750",
            "revoke_rules_on_delete": false,
            "tags": {},
            "tags_all": {},
            "timeouts": null,
            "vpc_id": "vpc-00fa6b42071f81df6"
          },
          "sensitive_attributes": [],
          "private": "eyJlMmJmYjczMC1lY2FhLTExZTYtOGY4OC0zNDM2M2JjN2M0YzAiOnsiY3JlYXRlIjo2MDAwMDAwMDAwMDAsImRlbGV0ZSI6OTAwMDAwMDAwMDAwfSwic2NoZW1hX3ZlcnNpb24iOiIxIn0=",
          "dependencies": [
            "aws_vpc.dangtong-vpc"
          ]
        }
      ]
    },
    {
      "mode": "managed",
      "type": "aws_security_group",
      "name": "istory_rds_sg",
      "provider": "provider[\"registry.terraform.io/hashicorp/aws\"]",
      "instances": [
        {
          "schema_version": 1,
          "attributes": {
            "arn": "arn:aws:ec2:ap-northeast-2:970547359750:security-group/sg-01dd9a710469b6032",
            "description": "Managed by Terraform",
            "egress": [
              {
                "cidr_blocks": [
                  "0.0.0.0/0"
                ],
                "description": "",
                "from_port": 0,
                "ipv6_cidr_blocks": [],
                "prefix_list_ids": [],
                "protocol": "-1",
                "security_groups": [],
                "self": false,
                "to_port": 0
              }
            ],
            "id": "sg-01dd9a710469b6032",
            "ingress": [
              {
                "cidr_blocks": [],
                "description": "Allow MySQL from EC2",
                "from_port": 3306,
                "ipv6_cidr_blocks": [],
                "prefix_list_ids": [],
                "protocol": "tcp",
                "security_groups": [
                  "sg-0e5cecea89faaf7c7"
                ],
                "self": false,
                "to_port": 3306
              }
            ],
            "name": "istory rds sg20250322071123018700000003",
            "name_prefix": "istory rds sg",
            "owner_id": "970547359750",
            "revoke_rules_on_delete": false,
            "tags": {
              "Name": "istory-rds-sg"
            },
            "tags_all": {
              "Name": "istory-rds-sg"
            },
            "timeouts": null,
            "vpc_id": "vpc-00fa6b42071f81df6"
          },
          "sensitive_attributes": [],
          "private": "eyJlMmJmYjczMC1lY2FhLTExZTYtOGY4OC0zNDM2M2JjN2M0YzAiOnsiY3JlYXRlIjo2MDAwMDAwMDAwMDAsImRlbGV0ZSI6OTAwMDAwMDAwMDAwfSwic2NoZW1hX3ZlcnNpb24iOiIxIn0=",
          "dependencies": [
            "aws_security_group.istory_nginx_sg",
            "aws_vpc.dangtong-vpc"
          ]
        }
      ]
    },
    {
      "mode": "managed",
      "type": "aws_subnet",
      "name": "dangtong-vpc-public-subnet",
      "provider": "provider[\"registry.terraform.io/hashicorp/aws\"]",
      "instances": [
        {
          "index_key": "a",
          "schema_version": 1,
          "attributes": {
            "arn": "arn:aws:ec2:ap-northeast-2:970547359750:subnet/subnet-0db0a94f198e5a004",
            "assign_ipv6_address_on_creation": false,
            "availability_zone": "ap-northeast-2a",
            "availability_zone_id": "apne2-az1",
            "cidr_block": "10.0.1.0/24",
            "customer_owned_ipv4_pool": "",
            "enable_dns64": false,
            "enable_lni_at_device_index": 0,
            "enable_resource_name_dns_a_record_on_launch": false,
            "enable_resource_name_dns_aaaa_record_on_launch": false,
            "id": "subnet-0db0a94f198e5a004",
            "ipv6_cidr_block": "",
            "ipv6_cidr_block_association_id": "",
            "ipv6_native": false,
            "map_customer_owned_ip_on_launch": false,
            "map_public_ip_on_launch": true,
            "outpost_arn": "",
            "owner_id": "970547359750",
            "private_dns_hostname_type_on_launch": "ip-name",
            "tags": {
              "Name": "dangtong-vpc-public-subnet-a"
            },
            "tags_all": {
              "Name": "dangtong-vpc-public-subnet-a"
            },
            "timeouts": null,
            "vpc_id": "vpc-00fa6b42071f81df6"
          },
          "sensitive_attributes": [],
          "private": "eyJlMmJmYjczMC1lY2FhLTExZTYtOGY4OC0zNDM2M2JjN2M0YzAiOnsiY3JlYXRlIjo2MDAwMDAwMDAwMDAsImRlbGV0ZSI6MTIwMDAwMDAwMDAwMH0sInNjaGVtYV92ZXJzaW9uIjoiMSJ9",
          "dependencies": [
            "aws_vpc.dangtong-vpc"
          ]
        },
        {
          "index_key": "b",
          "schema_version": 1,
          "attributes": {
            "arn": "arn:aws:ec2:ap-northeast-2:970547359750:subnet/subnet-0571f67501661c9d2",
            "assign_ipv6_address_on_creation": false,
            "availability_zone": "ap-northeast-2b",
            "availability_zone_id": "apne2-az2",
            "cidr_block": "10.0.2.0/24",
            "customer_owned_ipv4_pool": "",
            "enable_dns64": false,
            "enable_lni_at_device_index": 0,
            "enable_resource_name_dns_a_record_on_launch": false,
            "enable_resource_name_dns_aaaa_record_on_launch": false,
            "id": "subnet-0571f67501661c9d2",
            "ipv6_cidr_block": "",
            "ipv6_cidr_block_association_id": "",
            "ipv6_native": false,
            "map_customer_owned_ip_on_launch": false,
            "map_public_ip_on_launch": true,
            "outpost_arn": "",
            "owner_id": "970547359750",
            "private_dns_hostname_type_on_launch": "ip-name",
            "tags": {
              "Name": "dangtong-vpc-public-subnet-b"
            },
            "tags_all": {
              "Name": "dangtong-vpc-public-subnet-b"
            },
            "timeouts": null,
            "vpc_id": "vpc-00fa6b42071f81df6"
          },
          "sensitive_attributes": [],
          "private": "eyJlMmJmYjczMC1lY2FhLTExZTYtOGY4OC0zNDM2M2JjN2M0YzAiOnsiY3JlYXRlIjo2MDAwMDAwMDAwMDAsImRlbGV0ZSI6MTIwMDAwMDAwMDAwMH0sInNjaGVtYV92ZXJzaW9uIjoiMSJ9",
          "dependencies": [
            "aws_vpc.dangtong-vpc"
          ]
        },
        {
          "index_key": "c",
          "schema_version": 1,
          "attributes": {
            "arn": "arn:aws:ec2:ap-northeast-2:970547359750:subnet/subnet-04d86695f0a3507ac",
            "assign_ipv6_address_on_creation": false,
            "availability_zone": "ap-northeast-2c",
            "availability_zone_id": "apne2-az3",
            "cidr_block": "10.0.3.0/24",
            "customer_owned_ipv4_pool": "",
            "enable_dns64": false,
            "enable_lni_at_device_index": 0,
            "enable_resource_name_dns_a_record_on_launch": false,
            "enable_resource_name_dns_aaaa_record_on_launch": false,
            "id": "subnet-04d86695f0a3507ac",
            "ipv6_cidr_block": "",
            "ipv6_cidr_block_association_id": "",
            "ipv6_native": false,
            "map_customer_owned_ip_on_launch": false,
            "map_public_ip_on_launch": true,
            "outpost_arn": "",
            "owner_id": "970547359750",
            "private_dns_hostname_type_on_launch": "ip-name",
            "tags": {
              "Name": "dangtong-vpc-public-subnet-c"
            },
            "tags_all": {
              "Name": "dangtong-vpc-public-subnet-c"
            },
            "timeouts": null,
            "vpc_id": "vpc-00fa6b42071f81df6"
          },
          "sensitive_attributes": [],
          "private": "eyJlMmJmYjczMC1lY2FhLTExZTYtOGY4OC0zNDM2M2JjN2M0YzAiOnsiY3JlYXRlIjo2MDAwMDAwMDAwMDAsImRlbGV0ZSI6MTIwMDAwMDAwMDAwMH0sInNjaGVtYV92ZXJzaW9uIjoiMSJ9",
          "dependencies": [
            "aws_vpc.dangtong-vpc"
          ]
        },
        {
          "index_key": "d",
          "schema_version": 1,
          "attributes": {
            "arn": "arn:aws:ec2:ap-northeast-2:970547359750:subnet/subnet-040f7800c94178c5c",
            "assign_ipv6_address_on_creation": false,
            "availability_zone": "ap-northeast-2d",
            "availability_zone_id": "apne2-az4",
            "cidr_block": "10.0.4.0/24",
            "customer_owned_ipv4_pool": "",
            "enable_dns64": false,
            "enable_lni_at_device_index": 0,
            "enable_resource_name_dns_a_record_on_launch": false,
            "enable_resource_name_dns_aaaa_record_on_launch": false,
            "id": "subnet-040f7800c94178c5c",
            "ipv6_cidr_block": "",
            "ipv6_cidr_block_association_id": "",
            "ipv6_native": false,
            "map_customer_owned_ip_on_launch": false,
            "map_public_ip_on_launch": true,
            "outpost_arn": "",
            "owner_id": "970547359750",
            "private_dns_hostname_type_on_launch": "ip-name",
            "tags": {
              "Name": "dangtong-vpc-public-subnet-d"
            },
            "tags_all": {
              "Name": "dangtong-vpc-public-subnet-d"
            },
            "timeouts": null,
            "vpc_id": "vpc-00fa6b42071f81df6"
          },
          "sensitive_attributes": [],
          "private": "eyJlMmJmYjczMC1lY2FhLTExZTYtOGY4OC0zNDM2M2JjN2M0YzAiOnsiY3JlYXRlIjo2MDAwMDAwMDAwMDAsImRlbGV0ZSI6MTIwMDAwMDAwMDAwMH0sInNjaGVtYV92ZXJzaW9uIjoiMSJ9",
          "dependencies": [
            "aws_vpc.dangtong-vpc"
          ]
        }
      ]
    },
    {
      "mode": "managed",
      "type": "aws_vpc",
      "name": "dangtong-vpc",
      "provider": "provider[\"registry.terraform.io/hashicorp/aws\"]",
      "instances": [
        {
          "schema_version": 1,
          "attributes": {
            "arn": "arn:aws:ec2:ap-northeast-2:970547359750:vpc/vpc-00fa6b42071f81df6",
            "assign_generated_ipv6_cidr_block": false,
            "cidr_block": "10.0.0.0/16",
            "default_network_acl_id": "acl-07e9001ca39312f48",
            "default_route_table_id": "rtb-0f1230f5dec92325a",
            "default_security_group_id": "sg-0604bdff04b6d2541",
            "dhcp_options_id": "dopt-0317bb58a886fef06",
            "enable_dns_hostnames": true,
            "enable_dns_support": true,
            "enable_network_address_usage_metrics": false,
            "id": "vpc-00fa6b42071f81df6",
            "instance_tenancy": "default",
            "ipv4_ipam_pool_id": null,
            "ipv4_netmask_length": null,
            "ipv6_association_id": "",
            "ipv6_cidr_block": "",
            "ipv6_cidr_block_network_border_group": "",
            "ipv6_ipam_pool_id": "",
            "ipv6_netmask_length": 0,
            "main_route_table_id": "rtb-0f1230f5dec92325a",
            "owner_id": "970547359750",
            "tags": {
              "Name": "dangtong-vpc"
            },
            "tags_all": {
              "Name": "dangtong-vpc"
            }
          },
          "sensitive_attributes": [],
          "private": "eyJzY2hlbWFfdmVyc2lvbiI6IjEifQ=="
        }
      ]
    },
    {
      "mode": "managed",
      "type": "tls_private_key",
      "name": "ec2_private_key",
      "provider": "provider[\"registry.terraform.io/hashicorp/tls\"]",
      "instances": [
        {
          "schema_version": 1,
          "attributes": {
            "algorithm": "RSA",
            "ecdsa_curve": "P224",
            "id": "d472b3708bb09b04b1e088b58a96d7a8c83c36a4",
            "private_key_openssh": "-----BEGIN OPENSSH PRIVATE KEY-----\nb3BlbnNzaC1rZXktdjEAAAAABG5vbmUAAAAEbm9uZQAAAAAAAAABAAABFwAAAAdz\nc2gtcnNhAAAAAwEAAQAAAQEA1ZX5tbe2wHThlYG0Qo+UzSbA/+Wx1E5gQMoNLMUy\nbv9AoF0Dm2z3C/Gxaf5NdM1N7Jk+RPp5+OHCArw8P1HCb58FQ46ahIinTDxwFP1/\nKG4HmunXImd+nuV2miDWNDKM1Gnvyv+5L/Osui4U2tzMsSEMGCPwhbuUQXnixxG3\nENnbE2zBC3PowKe3j5xkO6r+vSSDzBPEJknjDsybofn4zdBES6jHciu1dgTAIg2L\nWgrh8uc2+ONVLrsqn8mqEPcN8nkNkkRsIdXztVaP61pvLJMkQOBzTefiWs4/nIzq\nwI0x0FzpDf2l89Gla6Y4x1qz7x0QaCvhZ0LwFED2Z8GhhwAAA7j+nb3o/p296AAA\nAAdzc2gtcnNhAAABAQDVlfm1t7bAdOGVgbRCj5TNJsD/5bHUTmBAyg0sxTJu/0Cg\nXQObbPcL8bFp/k10zU3smT5E+nn44cICvDw/UcJvnwVDjpqEiKdMPHAU/X8obgea\n6dciZ36e5XaaINY0MozUae/K/7kv86y6LhTa3MyxIQwYI/CFu5RBeeLHEbcQ2dsT\nbMELc+jAp7ePnGQ7qv69JIPME8QmSeMOzJuh+fjN0ERLqMdyK7V2BMAiDYtaCuHy\n5zb441UuuyqfyaoQ9w3yeQ2SRGwh1fO1Vo/rWm8skyRA4HNN5+Jazj+cjOrAjTHQ\nXOkN/aXz0aVrpjjHWrPvHRBoK+FnQvAUQPZnwaGHAAAAAwEAAQAAAQEAvl2JzzkL\nHcYPOd38+EZY7fDYnDvxn7SrfZOY4opwRRYkV8oPaPxZxL+KzVnnV2+VQIflRD2r\ncPRmo2F6oUUR88LcQjZb6jySQBSuIUc/ip1nEd/R68wqwxzp9L3HrYZQlxJEs73x\nJJgfH2HrHJcnqcg2q119BvUFUsZ8JcnYTJ7+a8QgcvqR4BFfOt8xa1aHINdEWEOM\nlav6uLpf6LFlTNSMIN2Ds+xT34D1eC7+aDKH8/Hb/8/MmOLPlkYenRTmG6RZsVHa\nJPAJ9fvT/ImjULr+d0MVwrjrb/zdZ4XMCOjp4U8VQFYsRK2Ez7FyDCGxzC1+dEH7\nDyQWrEZjecz9gQAAAIEAinF44qNi/P501xj8UUxAHaATcvbtsOJ3Ht1dLaVfSUKp\nr2VJxytcmtripB+R3nN2ORuysLNyBJtZuoiTy621PZ0XhIEdsBKtsrIZk3fV/tpt\nij29xqhZPgt2n/Lhzqew2u3+WshOf9pJ8a/HyA237o6YLpNo2RluYyUAEjpN080A\nAACBANzJxH0W6SFvex7sX1J/sMlVGPURYdnCLokUVAM8jwxt4YehF+aq8IDSPC1x\nQVGrjx/P1BDamsfX4ZjtUfksXRzLYR720HVeAwZaxqoUsBmzkWMMFjIB/b0q15pV\nIYPx63kXQgrG5h8OJZGOeBFj+IkqRJ2HX1WINq3YJqwBogc3AAAAgQD3pifDz2Yi\nw01PvoFwAMSSUlTrB7mgF0ABnvBTqZ+qEGfMpeVEoGIbZXnWr93ZjAyUDj2ORy7r\npq/hEjZirLu6I6ERhV3KPg44ezJCDFHOBUJpR7djOlrOJMuMmBlcMHLVGG6wR6NL\nzm+tkT7D6ZTo6mY1IKTKNJDsNdbwYNPAMQAAAAAB\n-----END OPENSSH PRIVATE KEY-----\n",
            "private_key_pem": "-----BEGIN RSA PRIVATE KEY-----\nMIIEpQIBAAKCAQEA1ZX5tbe2wHThlYG0Qo+UzSbA/+Wx1E5gQMoNLMUybv9AoF0D\nm2z3C/Gxaf5NdM1N7Jk+RPp5+OHCArw8P1HCb58FQ46ahIinTDxwFP1/KG4HmunX\nImd+nuV2miDWNDKM1Gnvyv+5L/Osui4U2tzMsSEMGCPwhbuUQXnixxG3ENnbE2zB\nC3PowKe3j5xkO6r+vSSDzBPEJknjDsybofn4zdBES6jHciu1dgTAIg2LWgrh8uc2\n+ONVLrsqn8mqEPcN8nkNkkRsIdXztVaP61pvLJMkQOBzTefiWs4/nIzqwI0x0Fzp\nDf2l89Gla6Y4x1qz7x0QaCvhZ0LwFED2Z8GhhwIDAQABAoIBAQC+XYnPOQsdxg85\n3fz4Rljt8NicO/GftKt9k5jiinBFFiRXyg9o/FnEv4rNWedXb5VAh+VEPatw9Gaj\nYXqhRRHzwtxCNlvqPJJAFK4hRz+KnWcR39HrzCrDHOn0vcethlCXEkSzvfEkmB8f\nYesclyepyDarXX0G9QVSxnwlydhMnv5rxCBy+pHgEV863zFrVocg10RYQ4yVq/q4\nul/osWVM1Iwg3YOz7FPfgPV4Lv5oMofz8dv/z8yY4s+WRh6dFOYbpFmxUdok8An1\n+9P8iaNQuv53QxXCuOtv/N1nhcwI6OnhTxVAVixErYTPsXIMIbHMLX50QfsPJBas\nRmN5zP2BAoGBANzJxH0W6SFvex7sX1J/sMlVGPURYdnCLokUVAM8jwxt4YehF+aq\n8IDSPC1xQVGrjx/P1BDamsfX4ZjtUfksXRzLYR720HVeAwZaxqoUsBmzkWMMFjIB\n/b0q15pVIYPx63kXQgrG5h8OJZGOeBFj+IkqRJ2HX1WINq3YJqwBogc3AoGBAPem\nJ8PPZiLDTU++gXAAxJJSVOsHuaAXQAGe8FOpn6oQZ8yl5USgYhtledav3dmMDJQO\nPY5HLuumr+ESNmKsu7ojoRGFXco+Djh7MkIMUc4FQmlHt2M6Ws4ky4yYGVwwctUY\nbrBHo0vOb62RPsPplOjqZjUgpMo0kOw11vBg08AxAoGBAJqu9W1aDs0xCIZavlHT\nSi1T5F9V5UMl62p4hn+Z/vKLTTWzpEYkPslSAX0o2sV4N5bnCUEhls0qL1Dv+71h\n2n5g8tM5wkRoMCBUmtjwE4x+JP7KqgYxJO9SQ6lJuWhypjG5HLjmLrVVOPboZLBy\nZN7ccSQYgq8u9ngHdtiNcFIzAoGAW0LQzpjkY5UjLWrf2j1+MwnCH2aWYkePH8nJ\neJs+qnYnOkQ8S+DqpnvrvVDL6XpxvDHPP1o+ETs4/zEt94j+GSc+GO3T1U6vAONt\nbueJUemgQpnaG+gKRINMu3/lgJKeDqdVSwLrS2lEwGqQ/bNbW8XdamCgOZ/LdDCX\nB7g28FECgYEAinF44qNi/P501xj8UUxAHaATcvbtsOJ3Ht1dLaVfSUKpr2VJxytc\nmtripB+R3nN2ORuysLNyBJtZuoiTy621PZ0XhIEdsBKtsrIZk3fV/tptij29xqhZ\nPgt2n/Lhzqew2u3+WshOf9pJ8a/HyA237o6YLpNo2RluYyUAEjpN080=\n-----END RSA PRIVATE KEY-----\n",
            "private_key_pem_pkcs8": "-----BEGIN PRIVATE KEY-----\nMIIEvwIBADANBgkqhkiG9w0BAQEFAASCBKkwggSlAgEAAoIBAQDVlfm1t7bAdOGV\ngbRCj5TNJsD/5bHUTmBAyg0sxTJu/0CgXQObbPcL8bFp/k10zU3smT5E+nn44cIC\nvDw/UcJvnwVDjpqEiKdMPHAU/X8obgea6dciZ36e5XaaINY0MozUae/K/7kv86y6\nLhTa3MyxIQwYI/CFu5RBeeLHEbcQ2dsTbMELc+jAp7ePnGQ7qv69JIPME8QmSeMO\nzJuh+fjN0ERLqMdyK7V2BMAiDYtaCuHy5zb441UuuyqfyaoQ9w3yeQ2SRGwh1fO1\nVo/rWm8skyRA4HNN5+Jazj+cjOrAjTHQXOkN/aXz0aVrpjjHWrPvHRBoK+FnQvAU\nQPZnwaGHAgMBAAECggEBAL5dic85Cx3GDznd/PhGWO3w2Jw78Z+0q32TmOKKcEUW\nJFfKD2j8WcS/is1Z51dvlUCH5UQ9q3D0ZqNheqFFEfPC3EI2W+o8kkAUriFHP4qd\nZxHf0evMKsMc6fS9x62GUJcSRLO98SSYHx9h6xyXJ6nINqtdfQb1BVLGfCXJ2Eye\n/mvEIHL6keARXzrfMWtWhyDXRFhDjJWr+ri6X+ixZUzUjCDdg7PsU9+A9Xgu/mgy\nh/Px2//PzJjiz5ZGHp0U5hukWbFR2iTwCfX70/yJo1C6/ndDFcK462/83WeFzAjo\n6eFPFUBWLESthM+xcgwhscwtfnRB+w8kFqxGY3nM/YECgYEA3MnEfRbpIW97Huxf\nUn+wyVUY9RFh2cIuiRRUAzyPDG3hh6EX5qrwgNI8LXFBUauPH8/UENqax9fhmO1R\n+SxdHMthHvbQdV4DBlrGqhSwGbORYwwWMgH9vSrXmlUhg/HreRdCCsbmHw4lkY54\nEWP4iSpEnYdfVYg2rdgmrAGiBzcCgYEA96Ynw89mIsNNT76BcADEklJU6we5oBdA\nAZ7wU6mfqhBnzKXlRKBiG2V51q/d2YwMlA49jkcu66av4RI2Yqy7uiOhEYVdyj4O\nOHsyQgxRzgVCaUe3YzpaziTLjJgZXDBy1RhusEejS85vrZE+w+mU6OpmNSCkyjSQ\n7DXW8GDTwDECgYEAmq71bVoOzTEIhlq+UdNKLVPkX1XlQyXraniGf5n+8otNNbOk\nRiQ+yVIBfSjaxXg3lucJQSGWzSovUO/7vWHafmDy0znCRGgwIFSa2PATjH4k/sqq\nBjEk71JDqUm5aHKmMbkcuOYutVU49uhksHJk3txxJBiCry72eAd22I1wUjMCgYBb\nQtDOmORjlSMtat/aPX4zCcIfZpZiR48fycl4mz6qdic6RDxL4Oqme+u9UMvpenG8\nMc8/Wj4ROzj/MS33iP4ZJz4Y7dPVTq8A421u54lR6aBCmdob6ApEg0y7f+WAkp4O\np1VLAutLaUTAapD9s1tbxd1qYKA5n8t0MJcHuDbwUQKBgQCKcXjio2L8/nTXGPxR\nTEAdoBNy9u2w4nce3V0tpV9JQqmvZUnHK1ya2uKkH5Hec3Y5G7Kws3IEm1m6iJPL\nrbU9nReEgR2wEq2yshmTd9X+2m2KPb3GqFk+C3af8uHOp7Da7f5ayE5/2knxr8fI\nDbfujpguk2jZGW5jJQASOk3TzQ==\n-----END PRIVATE KEY-----\n",
            "public_key_fingerprint_md5": "74:17:f0:07:f2:80:b2:a5:08:19:c4:5f:e5:a6:db:cd",
            "public_key_fingerprint_sha256": "SHA256:WpMtIPENGjFQFYI5/kWnRXtUpqFrpPT5kTyeQoYrJ7c",
            "public_key_openssh": "ssh-rsa AAAAB3NzaC1yc2EAAAADAQABAAABAQDVlfm1t7bAdOGVgbRCj5TNJsD/5bHUTmBAyg0sxTJu/0CgXQObbPcL8bFp/k10zU3smT5E+nn44cICvDw/UcJvnwVDjpqEiKdMPHAU/X8obgea6dciZ36e5XaaINY0MozUae/K/7kv86y6LhTa3MyxIQwYI/CFu5RBeeLHEbcQ2dsTbMELc+jAp7ePnGQ7qv69JIPME8QmSeMOzJuh+fjN0ERLqMdyK7V2BMAiDYtaCuHy5zb441UuuyqfyaoQ9w3yeQ2SRGwh1fO1Vo/rWm8skyRA4HNN5+Jazj+cjOrAjTHQXOkN/aXz0aVrpjjHWrPvHRBoK+FnQvAUQPZnwaGH\n",
            "public_key_pem": "-----BEGIN PUBLIC KEY-----\nMIIBIjANBgkqhkiG9w0BAQEFAAOCAQ8AMIIBCgKCAQEA1ZX5tbe2wHThlYG0Qo+U\nzSbA/+Wx1E5gQMoNLMUybv9AoF0Dm2z3C/Gxaf5NdM1N7Jk+RPp5+OHCArw8P1HC\nb58FQ46ahIinTDxwFP1/KG4HmunXImd+nuV2miDWNDKM1Gnvyv+5L/Osui4U2tzM\nsSEMGCPwhbuUQXnixxG3ENnbE2zBC3PowKe3j5xkO6r+vSSDzBPEJknjDsybofn4\nzdBES6jHciu1dgTAIg2LWgrh8uc2+ONVLrsqn8mqEPcN8nkNkkRsIdXztVaP61pv\nLJMkQOBzTefiWs4/nIzqwI0x0FzpDf2l89Gla6Y4x1qz7x0QaCvhZ0LwFED2Z8Gh\nhwIDAQAB\n-----END PUBLIC KEY-----\n",
            "rsa_bits": 2048
          },
          "sensitive_attributes": [
            [
              {
                "type": "get_attr",
                "value": "private_key_openssh"
              }
            ],
            [
              {
                "type": "get_attr",
                "value": "private_key_pem_pkcs8"
              }
            ],
            [
              {
                "type": "get_attr",
                "value": "private_key_pem"
              }
            ]
          ]
        }
      ]
    }
  ],
  "check_results": null
}
